
Microsoft Visual Studio Solution File, Format Version 12.00
# Visual Studio Version 17
VisualStudioVersion = 17.11.35327.3
MinimumVisualStudioVersion = 10.0.40219.1
Project("{FAE04EC0-301F-11D3-BF4B-00C04F79EFBC}") = "Muresan_Andreea_lab2", "Muresan_Andreea_lab2.csproj", "{4DDD2C86-5B47-4B59-9E26-29D0DE7918E2}"
EndProject
Global
	GlobalSection(SolutionConfigurationPlatforms) = preSolution
		Debug|Any CPU = Debug|Any CPU
		Release|Any CPU = Release|Any CPU
	EndGlobalSection
	GlobalSection(ProjectConfigurationPlatforms) = postSolution
		{4DDD2C86-5B47-4B59-9E26-29D0DE7918E2}.Debug|Any CPU.ActiveCfg = Debug|Any CPU
		{4DDD2C86-5B47-4B59-9E26-29D0DE7918E2}.Debug|Any CPU.Build.0 = Debug|Any CPU
		{4DDD2C86-5B47-4B59-9E26-29D0DE7918E2}.Release|Any CPU.ActiveCfg = Release|Any CPU
		{4DDD2C86-5B47-4B59-9E26-29D0DE7918E2}.Release|Any CPU.Build.0 = Release|Any CPU
	EndGlobalSection
	GlobalSection(SolutionProperties) = preSolution
		HideSolutionNode = FALSE
	EndGlobalSection
	GlobalSection(ExtensibilityGlobals) = postSolution
		SolutionGuid = {5A307876-431C-4148-AD4E-ACB7A5519854}
	EndGlobalSection
EndGlobal
